// !$*UTF8*$!
{
	archiveVersion = 1;
	classes = {
	};
	objectVersion = 56;
	objects = {

/* Begin PBXBuildFile section */
		A2F9E652DE5EA18F6C93261E /* Pods_second_hand.framework in Frameworks */ = {isa = PBXBuildFile; fileRef = 2356744C4EC7A65407925876 /* Pods_second_hand.framework */; };
		DB1636C82A42E65B009884E4 /* RegisterNewProductViewController.swift in Sources */ = {isa = PBXBuildFile; fileRef = DB1636C72A42E65B009884E4 /* RegisterNewProductViewController.swift */; };
		DB51315F2A3EB18800FBFA49 /* SetLocationViewController.swift in Sources */ = {isa = PBXBuildFile; fileRef = DB51315E2A3EB18800FBFA49 /* SetLocationViewController.swift */; };
		DB55CB092A43E58800578ED5 /* UIView+Extension.swift in Sources */ = {isa = PBXBuildFile; fileRef = DB55CB082A43E58800578ED5 /* UIView+Extension.swift */; };
		DB55CB0B2A43E59700578ED5 /* UIButton+Extension.swift in Sources */ = {isa = PBXBuildFile; fileRef = DB55CB0A2A43E59700578ED5 /* UIButton+Extension.swift */; };
		DB55CB0D2A43E63200578ED5 /* UIImageView+Extension.swift in Sources */ = {isa = PBXBuildFile; fileRef = DB55CB0C2A43E63200578ED5 /* UIImageView+Extension.swift */; };
		DB55CB0F2A44077D00578ED5 /* ImageRequest.swift in Sources */ = {isa = PBXBuildFile; fileRef = DB55CB0E2A44077D00578ED5 /* ImageRequest.swift */; };
		DB55CB112A4407CB00578ED5 /* ProductPicture.swift in Sources */ = {isa = PBXBuildFile; fileRef = DB55CB102A4407CB00578ED5 /* ProductPicture.swift */; };
		DB55CB132A44186E00578ED5 /* UITextField+Extension.swift in Sources */ = {isa = PBXBuildFile; fileRef = DB55CB122A44186E00578ED5 /* UITextField+Extension.swift */; };
		DB55CB152A443E5B00578ED5 /* RegisterProductScrollVeiw.swift in Sources */ = {isa = PBXBuildFile; fileRef = DB55CB142A443E5B00578ED5 /* RegisterProductScrollVeiw.swift */; };
		DB55CB292A4499D200578ED5 /* ProductImage.swift in Sources */ = {isa = PBXBuildFile; fileRef = DB55CB282A4499D200578ED5 /* ProductImage.swift */; };
		DB7E5EEC2A31682D00ECCBC2 /* CategoryButton.swift in Sources */ = {isa = PBXBuildFile; fileRef = DB7E5EEB2A31682D00ECCBC2 /* CategoryButton.swift */; };
		DBAF838A2A32B7CA00194A02 /* NavigationUnderLineViewController.swift in Sources */ = {isa = PBXBuildFile; fileRef = DBAF83892A32B7CA00194A02 /* NavigationUnderLineViewController.swift */; };
		DBAF83A52A32E38B00194A02 /* UIFont+Extension.swift in Sources */ = {isa = PBXBuildFile; fileRef = DBAF83A32A32E38B00194A02 /* UIFont+Extension.swift */; };
		DBAF83A62A32E38B00194A02 /* UIColor+Extension.swift in Sources */ = {isa = PBXBuildFile; fileRef = DBAF83A42A32E38B00194A02 /* UIColor+Extension.swift */; };
		DBAF83B12A32E3E900194A02 /* IdStackView.swift in Sources */ = {isa = PBXBuildFile; fileRef = DBAF83AF2A32E3E900194A02 /* IdStackView.swift */; };
		DBAF83B22A32E3E900194A02 /* NotLoginMyAccountViewController.swift in Sources */ = {isa = PBXBuildFile; fileRef = DBAF83B02A32E3E900194A02 /* NotLoginMyAccountViewController.swift */; };
		DBB04D2B2A2DA5BF001233CC /* AppDelegate.swift in Sources */ = {isa = PBXBuildFile; fileRef = DBB04D2A2A2DA5BF001233CC /* AppDelegate.swift */; };
		DBB04D2D2A2DA5BF001233CC /* SceneDelegate.swift in Sources */ = {isa = PBXBuildFile; fileRef = DBB04D2C2A2DA5BF001233CC /* SceneDelegate.swift */; };
		DBB04D342A2DA5C0001233CC /* Assets.xcassets in Resources */ = {isa = PBXBuildFile; fileRef = DBB04D332A2DA5C0001233CC /* Assets.xcassets */; };
		DBB04D372A2DA5C0001233CC /* LaunchScreen.storyboard in Resources */ = {isa = PBXBuildFile; fileRef = DBB04D352A2DA5C0001233CC /* LaunchScreen.storyboard */; };
		DBDF80042A39BC6E007B3E01 /* GithubWebViewController.swift in Sources */ = {isa = PBXBuildFile; fileRef = DBDF80032A39BC6E007B3E01 /* GithubWebViewController.swift */; };
		DBE3C03D2A30791F00E6EF35 /* CategoryScrollView.swift in Sources */ = {isa = PBXBuildFile; fileRef = DBE3C03C2A30791F00E6EF35 /* CategoryScrollView.swift */; };
		DBEA32812A4101B400C04E0A /* HomeProductCollectionViewCell.swift in Sources */ = {isa = PBXBuildFile; fileRef = DBEA32802A4101B400C04E0A /* HomeProductCollectionViewCell.swift */; };
		E467380D2A440D0E006A46D1 /* UserInfoManager.swift in Sources */ = {isa = PBXBuildFile; fileRef = E467380C2A440D0E006A46D1 /* UserInfoManager.swift */; };
		E467380F2A453FBF006A46D1 /* Server.swift in Sources */ = {isa = PBXBuildFile; fileRef = E467380E2A453FBF006A46D1 /* Server.swift */; };
		E46738112A482DF1006A46D1 /* Updatable.swift in Sources */ = {isa = PBXBuildFile; fileRef = E46738102A482DF1006A46D1 /* Updatable.swift */; };
		E49EB8342A2DB498001F2D56 /* SecondHandTabBarController.swift in Sources */ = {isa = PBXBuildFile; fileRef = E49EB8332A2DB498001F2D56 /* SecondHandTabBarController.swift */; };
		E49EB8362A2DC207001F2D56 /* TabBarItem.swift in Sources */ = {isa = PBXBuildFile; fileRef = E49EB8352A2DC207001F2D56 /* TabBarItem.swift */; };
		E49EB8382A2DCA45001F2D56 /* HomeViewController.swift in Sources */ = {isa = PBXBuildFile; fileRef = E49EB8372A2DCA45001F2D56 /* HomeViewController.swift */; };
		E49EB83A2A2DD353001F2D56 /* SaleLogViewController.swift in Sources */ = {isa = PBXBuildFile; fileRef = E49EB8392A2DD353001F2D56 /* SaleLogViewController.swift */; };
		E49EB83C2A2DD3AF001F2D56 /* WishListViewController.swift in Sources */ = {isa = PBXBuildFile; fileRef = E49EB83B2A2DD3AF001F2D56 /* WishListViewController.swift */; };
		E49EB8522A3068A8001F2D56 /* HomeLeftBarButton.swift in Sources */ = {isa = PBXBuildFile; fileRef = E49EB8512A3068A8001F2D56 /* HomeLeftBarButton.swift */; };
		E49EB8542A30690F001F2D56 /* HomeRightBarButton.swift in Sources */ = {isa = PBXBuildFile; fileRef = E49EB8532A30690F001F2D56 /* HomeRightBarButton.swift */; };
		E49EB8562A306E68001F2D56 /* ButtonCustomView.swift in Sources */ = {isa = PBXBuildFile; fileRef = E49EB8552A306E68001F2D56 /* ButtonCustomView.swift */; };
		E49EB8672A36F054001F2D56 /* ChattingViewController.swift in Sources */ = {isa = PBXBuildFile; fileRef = E49EB8662A36F054001F2D56 /* ChattingViewController.swift */; };
		E49EB86B2A371A0B001F2D56 /* LoginMyAccountViewController.swift in Sources */ = {isa = PBXBuildFile; fileRef = E49EB86A2A371A0B001F2D56 /* LoginMyAccountViewController.swift */; };
		E4BD90742A3DF44F00ADCE89 /* JSONCreater.swift in Sources */ = {isa = PBXBuildFile; fileRef = E4BD90732A3DF44F00ADCE89 /* JSONCreater.swift */; };
		E4C951452A3967D30094AD66 /* JoinViewController.swift in Sources */ = {isa = PBXBuildFile; fileRef = E4C951442A3967D30094AD66 /* JoinViewController.swift */; };
		E4C951482A3AB4E80094AD66 /* NetworkManager.swift in Sources */ = {isa = PBXBuildFile; fileRef = E4C951472A3AB4E80094AD66 /* NetworkManager.swift */; };
		E4C9514C2A3AFBDC0094AD66 /* HTTPMethod.swift in Sources */ = {isa = PBXBuildFile; fileRef = E4C9514B2A3AFBDC0094AD66 /* HTTPMethod.swift */; };
		E4C9514E2A3AFC0D0094AD66 /* HTTPErrors.swift in Sources */ = {isa = PBXBuildFile; fileRef = E4C9514D2A3AFC0D0094AD66 /* HTTPErrors.swift */; };
		E4C951502A3AFF9B0094AD66 /* CodableTemplate.swift in Sources */ = {isa = PBXBuildFile; fileRef = E4C9514F2A3AFF9B0094AD66 /* CodableTemplate.swift */; };
/* End PBXBuildFile section */

/* Begin PBXFileReference section */
		2356744C4EC7A65407925876 /* Pods_second_hand.framework */ = {isa = PBXFileReference; explicitFileType = wrapper.framework; includeInIndex = 0; path = Pods_second_hand.framework; sourceTree = BUILT_PRODUCTS_DIR; };
		3607CF790A1450A1D89902D2 /* Pods-second-hand.release.xcconfig */ = {isa = PBXFileReference; includeInIndex = 1; lastKnownFileType = text.xcconfig; name = "Pods-second-hand.release.xcconfig"; path = "Target Support Files/Pods-second-hand/Pods-second-hand.release.xcconfig"; sourceTree = "<group>"; };
		DB1636C72A42E65B009884E4 /* RegisterNewProductViewController.swift */ = {isa = PBXFileReference; lastKnownFileType = sourcecode.swift; path = RegisterNewProductViewController.swift; sourceTree = "<group>"; };
		DB51315E2A3EB18800FBFA49 /* SetLocationViewController.swift */ = {isa = PBXFileReference; lastKnownFileType = sourcecode.swift; name = SetLocationViewController.swift; path = "second-hand/Home/subScene/SetLocation/Controller/SetLocationViewController.swift"; sourceTree = SOURCE_ROOT; };
		DB55CB082A43E58800578ED5 /* UIView+Extension.swift */ = {isa = PBXFileReference; lastKnownFileType = sourcecode.swift; path = "UIView+Extension.swift"; sourceTree = "<group>"; };
		DB55CB0A2A43E59700578ED5 /* UIButton+Extension.swift */ = {isa = PBXFileReference; lastKnownFileType = sourcecode.swift; path = "UIButton+Extension.swift"; sourceTree = "<group>"; };
		DB55CB0C2A43E63200578ED5 /* UIImageView+Extension.swift */ = {isa = PBXFileReference; lastKnownFileType = sourcecode.swift; path = "UIImageView+Extension.swift"; sourceTree = "<group>"; };
		DB55CB0E2A44077D00578ED5 /* ImageRequest.swift */ = {isa = PBXFileReference; lastKnownFileType = sourcecode.swift; path = ImageRequest.swift; sourceTree = "<group>"; };
		DB55CB102A4407CB00578ED5 /* ProductPicture.swift */ = {isa = PBXFileReference; lastKnownFileType = sourcecode.swift; path = ProductPicture.swift; sourceTree = "<group>"; };
		DB55CB122A44186E00578ED5 /* UITextField+Extension.swift */ = {isa = PBXFileReference; lastKnownFileType = sourcecode.swift; path = "UITextField+Extension.swift"; sourceTree = "<group>"; };
		DB55CB142A443E5B00578ED5 /* RegisterProductScrollVeiw.swift */ = {isa = PBXFileReference; lastKnownFileType = sourcecode.swift; path = RegisterProductScrollVeiw.swift; sourceTree = "<group>"; };
		DB55CB282A4499D200578ED5 /* ProductImage.swift */ = {isa = PBXFileReference; lastKnownFileType = sourcecode.swift; path = ProductImage.swift; sourceTree = "<group>"; };
		DB7E5EEB2A31682D00ECCBC2 /* CategoryButton.swift */ = {isa = PBXFileReference; lastKnownFileType = sourcecode.swift; path = CategoryButton.swift; sourceTree = "<group>"; };
		DBAF83892A32B7CA00194A02 /* NavigationUnderLineViewController.swift */ = {isa = PBXFileReference; lastKnownFileType = sourcecode.swift; name = NavigationUnderLineViewController.swift; path = ../NavigationUnderLineViewController.swift; sourceTree = "<group>"; };
		DBAF83A32A32E38B00194A02 /* UIFont+Extension.swift */ = {isa = PBXFileReference; fileEncoding = 4; lastKnownFileType = sourcecode.swift; path = "UIFont+Extension.swift"; sourceTree = "<group>"; };
		DBAF83A42A32E38B00194A02 /* UIColor+Extension.swift */ = {isa = PBXFileReference; fileEncoding = 4; lastKnownFileType = sourcecode.swift; path = "UIColor+Extension.swift"; sourceTree = "<group>"; };
		DBAF83AF2A32E3E900194A02 /* IdStackView.swift */ = {isa = PBXFileReference; fileEncoding = 4; lastKnownFileType = sourcecode.swift; path = IdStackView.swift; sourceTree = "<group>"; };
		DBAF83B02A32E3E900194A02 /* NotLoginMyAccountViewController.swift */ = {isa = PBXFileReference; fileEncoding = 4; lastKnownFileType = sourcecode.swift; path = NotLoginMyAccountViewController.swift; sourceTree = "<group>"; };
		DBB04D272A2DA5BF001233CC /* second-hand.app */ = {isa = PBXFileReference; explicitFileType = wrapper.application; includeInIndex = 0; path = "second-hand.app"; sourceTree = BUILT_PRODUCTS_DIR; };
		DBB04D2A2A2DA5BF001233CC /* AppDelegate.swift */ = {isa = PBXFileReference; lastKnownFileType = sourcecode.swift; path = AppDelegate.swift; sourceTree = "<group>"; };
		DBB04D2C2A2DA5BF001233CC /* SceneDelegate.swift */ = {isa = PBXFileReference; lastKnownFileType = sourcecode.swift; path = SceneDelegate.swift; sourceTree = "<group>"; };
		DBB04D332A2DA5C0001233CC /* Assets.xcassets */ = {isa = PBXFileReference; lastKnownFileType = folder.assetcatalog; path = Assets.xcassets; sourceTree = "<group>"; };
		DBB04D362A2DA5C0001233CC /* Base */ = {isa = PBXFileReference; lastKnownFileType = file.storyboard; name = Base; path = Base.lproj/LaunchScreen.storyboard; sourceTree = "<group>"; };
		DBB04D382A2DA5C0001233CC /* Info.plist */ = {isa = PBXFileReference; lastKnownFileType = text.plist.xml; path = Info.plist; sourceTree = "<group>"; };
		DBDF80032A39BC6E007B3E01 /* GithubWebViewController.swift */ = {isa = PBXFileReference; lastKnownFileType = sourcecode.swift; path = GithubWebViewController.swift; sourceTree = "<group>"; };
		DBE3C03C2A30791F00E6EF35 /* CategoryScrollView.swift */ = {isa = PBXFileReference; lastKnownFileType = sourcecode.swift; path = CategoryScrollView.swift; sourceTree = "<group>"; };
		DBEA32802A4101B400C04E0A /* HomeProductCollectionViewCell.swift */ = {isa = PBXFileReference; lastKnownFileType = sourcecode.swift; path = HomeProductCollectionViewCell.swift; sourceTree = "<group>"; };
		E467380C2A440D0E006A46D1 /* UserInfoManager.swift */ = {isa = PBXFileReference; lastKnownFileType = sourcecode.swift; path = UserInfoManager.swift; sourceTree = "<group>"; };
		E467380E2A453FBF006A46D1 /* Server.swift */ = {isa = PBXFileReference; lastKnownFileType = sourcecode.swift; path = Server.swift; sourceTree = "<group>"; };
		E46738102A482DF1006A46D1 /* Updatable.swift */ = {isa = PBXFileReference; lastKnownFileType = sourcecode.swift; path = Updatable.swift; sourceTree = "<group>"; };
		E49EB8332A2DB498001F2D56 /* SecondHandTabBarController.swift */ = {isa = PBXFileReference; lastKnownFileType = sourcecode.swift; path = SecondHandTabBarController.swift; sourceTree = "<group>"; };
		E49EB8352A2DC207001F2D56 /* TabBarItem.swift */ = {isa = PBXFileReference; lastKnownFileType = sourcecode.swift; path = TabBarItem.swift; sourceTree = "<group>"; };
		E49EB8372A2DCA45001F2D56 /* HomeViewController.swift */ = {isa = PBXFileReference; lastKnownFileType = sourcecode.swift; path = HomeViewController.swift; sourceTree = "<group>"; };
		E49EB8392A2DD353001F2D56 /* SaleLogViewController.swift */ = {isa = PBXFileReference; lastKnownFileType = sourcecode.swift; path = SaleLogViewController.swift; sourceTree = "<group>"; };
		E49EB83B2A2DD3AF001F2D56 /* WishListViewController.swift */ = {isa = PBXFileReference; lastKnownFileType = sourcecode.swift; path = WishListViewController.swift; sourceTree = "<group>"; };
		E49EB8512A3068A8001F2D56 /* HomeLeftBarButton.swift */ = {isa = PBXFileReference; lastKnownFileType = sourcecode.swift; name = HomeLeftBarButton.swift; path = "second-hand/Home/HomeLeftBarButton.swift"; sourceTree = SOURCE_ROOT; };
		E49EB8532A30690F001F2D56 /* HomeRightBarButton.swift */ = {isa = PBXFileReference; lastKnownFileType = sourcecode.swift; name = HomeRightBarButton.swift; path = "second-hand/Home/HomeRightBarButton.swift"; sourceTree = SOURCE_ROOT; };
		E49EB8552A306E68001F2D56 /* ButtonCustomView.swift */ = {isa = PBXFileReference; lastKnownFileType = sourcecode.swift; name = ButtonCustomView.swift; path = "second-hand/Home/ButtonCustomView.swift"; sourceTree = SOURCE_ROOT; };
		E49EB8662A36F054001F2D56 /* ChattingViewController.swift */ = {isa = PBXFileReference; lastKnownFileType = sourcecode.swift; path = ChattingViewController.swift; sourceTree = "<group>"; };
		E49EB86A2A371A0B001F2D56 /* LoginMyAccountViewController.swift */ = {isa = PBXFileReference; lastKnownFileType = sourcecode.swift; path = LoginMyAccountViewController.swift; sourceTree = "<group>"; };
		E4BD90732A3DF44F00ADCE89 /* JSONCreater.swift */ = {isa = PBXFileReference; lastKnownFileType = sourcecode.swift; path = JSONCreater.swift; sourceTree = "<group>"; };
		E4C951442A3967D30094AD66 /* JoinViewController.swift */ = {isa = PBXFileReference; lastKnownFileType = sourcecode.swift; path = JoinViewController.swift; sourceTree = "<group>"; };
		E4C951472A3AB4E80094AD66 /* NetworkManager.swift */ = {isa = PBXFileReference; lastKnownFileType = sourcecode.swift; path = NetworkManager.swift; sourceTree = "<group>"; };
		E4C9514B2A3AFBDC0094AD66 /* HTTPMethod.swift */ = {isa = PBXFileReference; lastKnownFileType = sourcecode.swift; path = HTTPMethod.swift; sourceTree = "<group>"; };
		E4C9514D2A3AFC0D0094AD66 /* HTTPErrors.swift */ = {isa = PBXFileReference; lastKnownFileType = sourcecode.swift; path = HTTPErrors.swift; sourceTree = "<group>"; };
		E4C9514F2A3AFF9B0094AD66 /* CodableTemplate.swift */ = {isa = PBXFileReference; lastKnownFileType = sourcecode.swift; path = CodableTemplate.swift; sourceTree = "<group>"; };
		F3184226B15155556BE36237 /* Pods-second-hand.debug.xcconfig */ = {isa = PBXFileReference; includeInIndex = 1; lastKnownFileType = text.xcconfig; name = "Pods-second-hand.debug.xcconfig"; path = "Target Support Files/Pods-second-hand/Pods-second-hand.debug.xcconfig"; sourceTree = "<group>"; };
/* End PBXFileReference section */

/* Begin PBXFrameworksBuildPhase section */
		DBB04D242A2DA5BF001233CC /* Frameworks */ = {
			isa = PBXFrameworksBuildPhase;
			buildActionMask = 2147483647;
			files = (
				A2F9E652DE5EA18F6C93261E /* Pods_second_hand.framework in Frameworks */,
			);
			runOnlyForDeploymentPostprocessing = 0;
		};
/* End PBXFrameworksBuildPhase section */

/* Begin PBXGroup section */
		94BA97CE86293EDB3FC68F03 /* Pods */ = {
			isa = PBXGroup;
			children = (
				F3184226B15155556BE36237 /* Pods-second-hand.debug.xcconfig */,
				3607CF790A1450A1D89902D2 /* Pods-second-hand.release.xcconfig */,
			);
			path = Pods;
			sourceTree = "<group>";
		};
		BEA213A93200267C5E648C7F /* Frameworks */ = {
			isa = PBXGroup;
			children = (
				2356744C4EC7A65407925876 /* Pods_second_hand.framework */,
			);
			name = Frameworks;
			sourceTree = "<group>";
		};
		DB51315B2A3EA48500FBFA49 /* subScene */ = {
			isa = PBXGroup;
			children = (
				DB55CB182A44470D00578ED5 /* RegisterNewProduct */,
				DB55CB162A4446D800578ED5 /* SetLocation */,
			);
			path = subScene;
			sourceTree = "<group>";
		};
		DB55CB162A4446D800578ED5 /* SetLocation */ = {
			isa = PBXGroup;
			children = (
				DB55CB1E2A4447A100578ED5 /* Model */,
				DB55CB1D2A44479B00578ED5 /* View */,
				DB55CB1C2A44479600578ED5 /* Controller */,
			);
			path = SetLocation;
			sourceTree = "<group>";
		};
		DB55CB182A44470D00578ED5 /* RegisterNewProduct */ = {
			isa = PBXGroup;
			children = (
				DB55CB1A2A44474600578ED5 /* Model */,
				DB55CB1B2A44474F00578ED5 /* View */,
				DB55CB192A44473C00578ED5 /* Controller */,
				DB1636C72A42E65B009884E4 /* RegisterNewProductViewController.swift */,
			);
			path = RegisterNewProduct;
			sourceTree = "<group>";
		};
		DB55CB192A44473C00578ED5 /* Controller */ = {
			isa = PBXGroup;
			children = (
			);
			path = Controller;
			sourceTree = "<group>";
		};
		DB55CB1A2A44474600578ED5 /* Model */ = {
			isa = PBXGroup;
			children = (
				DB55CB0E2A44077D00578ED5 /* ImageRequest.swift */,
				DB55CB102A4407CB00578ED5 /* ProductPicture.swift */,
			);
			path = Model;
			sourceTree = "<group>";
		};
		DB55CB1B2A44474F00578ED5 /* View */ = {
			isa = PBXGroup;
			children = (
				DB55CB142A443E5B00578ED5 /* RegisterProductScrollVeiw.swift */,
				DB55CB282A4499D200578ED5 /* ProductImage.swift */,
			);
			path = View;
			sourceTree = "<group>";
		};
		DB55CB1C2A44479600578ED5 /* Controller */ = {
			isa = PBXGroup;
			children = (
				DB51315E2A3EB18800FBFA49 /* SetLocationViewController.swift */,
			);
			path = Controller;
			sourceTree = "<group>";
		};
		DB55CB1D2A44479B00578ED5 /* View */ = {
			isa = PBXGroup;
			children = (
			);
			path = View;
			sourceTree = "<group>";
		};
		DB55CB1E2A4447A100578ED5 /* Model */ = {
			isa = PBXGroup;
			children = (
			);
			path = Model;
			sourceTree = "<group>";
		};
		DB55CB202A44481E00578ED5 /* Join */ = {
			isa = PBXGroup;
			children = (
				DB55CB232A44483A00578ED5 /* Model */,
				DB55CB222A44483500578ED5 /* View */,
				DB55CB212A44482B00578ED5 /* Controller */,
			);
			path = Join;
			sourceTree = "<group>";
		};
		DB55CB212A44482B00578ED5 /* Controller */ = {
			isa = PBXGroup;
			children = (
				E4C951442A3967D30094AD66 /* JoinViewController.swift */,
			);
			path = Controller;
			sourceTree = "<group>";
		};
		DB55CB222A44483500578ED5 /* View */ = {
			isa = PBXGroup;
			children = (
			);
			path = View;
			sourceTree = "<group>";
		};
		DB55CB232A44483A00578ED5 /* Model */ = {
			isa = PBXGroup;
			children = (
			);
			path = Model;
			sourceTree = "<group>";
		};
		DB55CB242A44485300578ED5 /* GithubWeb */ = {
			isa = PBXGroup;
			children = (
				DB55CB272A44486B00578ED5 /* Model */,
				DB55CB262A44486600578ED5 /* View */,
				DB55CB252A44485F00578ED5 /* Controller */,
			);
			path = GithubWeb;
			sourceTree = "<group>";
		};
		DB55CB252A44485F00578ED5 /* Controller */ = {
			isa = PBXGroup;
			children = (
				DBDF80032A39BC6E007B3E01 /* GithubWebViewController.swift */,
			);
			path = Controller;
			sourceTree = "<group>";
		};
		DB55CB262A44486600578ED5 /* View */ = {
			isa = PBXGroup;
			children = (
			);
			path = View;
			sourceTree = "<group>";
		};
		DB55CB272A44486B00578ED5 /* Model */ = {
			isa = PBXGroup;
			children = (
			);
			path = Model;
			sourceTree = "<group>";
		};
		DBAF839A2A32E30600194A02 /* View */ = {
			isa = PBXGroup;
			children = (
				DB7E5EEB2A31682D00ECCBC2 /* CategoryButton.swift */,
				DBE3C03C2A30791F00E6EF35 /* CategoryScrollView.swift */,
			);
			name = View;
			sourceTree = "<group>";
		};
		DBAF839B2A32E30E00194A02 /* Model */ = {
			isa = PBXGroup;
			children = (
			);
			name = Model;
			sourceTree = "<group>";
		};
		DBAF839C2A32E31300194A02 /* Controller */ = {
			isa = PBXGroup;
			children = (
				E49EB83B2A2DD3AF001F2D56 /* WishListViewController.swift */,
			);
			name = Controller;
			sourceTree = "<group>";
		};
		DBAF83A22A32E38B00194A02 /* UIExtensions */ = {
			isa = PBXGroup;
			children = (
				DBAF83A32A32E38B00194A02 /* UIFont+Extension.swift */,
				DBAF83A42A32E38B00194A02 /* UIColor+Extension.swift */,
				DB55CB082A43E58800578ED5 /* UIView+Extension.swift */,
				DB55CB0A2A43E59700578ED5 /* UIButton+Extension.swift */,
				DB55CB0C2A43E63200578ED5 /* UIImageView+Extension.swift */,
				DB55CB122A44186E00578ED5 /* UITextField+Extension.swift */,
			);
			path = UIExtensions;
			sourceTree = "<group>";
		};
		DBAF83AE2A32E3E900194A02 /* Controller */ = {
			isa = PBXGroup;
			children = (
				DBAF83B02A32E3E900194A02 /* NotLoginMyAccountViewController.swift */,
				E49EB86A2A371A0B001F2D56 /* LoginMyAccountViewController.swift */,
			);
			path = Controller;
			sourceTree = "<group>";
		};
		DBB04D1E2A2DA5BF001233CC = {
			isa = PBXGroup;
			children = (
				DBB04D292A2DA5BF001233CC /* second-hand */,
				DBB04D282A2DA5BF001233CC /* Products */,
				94BA97CE86293EDB3FC68F03 /* Pods */,
				BEA213A93200267C5E648C7F /* Frameworks */,
			);
			sourceTree = "<group>";
		};
		DBB04D282A2DA5BF001233CC /* Products */ = {
			isa = PBXGroup;
			children = (
				DBB04D272A2DA5BF001233CC /* second-hand.app */,
			);
			name = Products;
			sourceTree = "<group>";
		};
		DBB04D292A2DA5BF001233CC /* second-hand */ = {
			isa = PBXGroup;
			children = (
				E4C951462A3AB4A90094AD66 /* Network */,
				DBAF83A22A32E38B00194A02 /* UIExtensions */,
				E49EB8492A304A17001F2D56 /* TabBarControl */,
				E49EB8432A30495C001F2D56 /* Application */,
				E49EB8442A304982001F2D56 /* Home */,
				E49EB8452A3049CE001F2D56 /* SaleLog */,
				E49EB8462A3049E1001F2D56 /* WishList */,
				E49EB8472A3049EB001F2D56 /* Chatting */,
				E49EB8482A3049F2001F2D56 /* MyAccount */,
				DBB04D332A2DA5C0001233CC /* Assets.xcassets */,
				DBB04D352A2DA5C0001233CC /* LaunchScreen.storyboard */,
				DBB04D382A2DA5C0001233CC /* Info.plist */,
			);
			path = "second-hand";
			sourceTree = "<group>";
		};
		E49EB8432A30495C001F2D56 /* Application */ = {
			isa = PBXGroup;
			children = (
				DBB04D2C2A2DA5BF001233CC /* SceneDelegate.swift */,
				DBB04D2A2A2DA5BF001233CC /* AppDelegate.swift */,
			);
			path = Application;
			sourceTree = "<group>";
		};
		E49EB8442A304982001F2D56 /* Home */ = {
			isa = PBXGroup;
			children = (
				DB51315B2A3EA48500FBFA49 /* subScene */,
				E49EB84B2A304A7B001F2D56 /* Controller */,
				E49EB84A2A304A73001F2D56 /* Model */,
				E49EB84C2A304A83001F2D56 /* View */,
			);
			path = Home;
			sourceTree = "<group>";
		};
		E49EB8452A3049CE001F2D56 /* SaleLog */ = {
			isa = PBXGroup;
			children = (
				E49EB8572A31C877001F2D56 /* Controller */,
				E49EB8592A31C889001F2D56 /* View */,
				E49EB8582A31C882001F2D56 /* Model */,
			);
			path = SaleLog;
			sourceTree = "<group>";
		};
		E49EB8462A3049E1001F2D56 /* WishList */ = {
			isa = PBXGroup;
			children = (
				DBAF839C2A32E31300194A02 /* Controller */,
				DBAF839B2A32E30E00194A02 /* Model */,
				DBAF839A2A32E30600194A02 /* View */,
			);
			name = WishList;
			sourceTree = "<group>";
		};
		E49EB8472A3049EB001F2D56 /* Chatting */ = {
			isa = PBXGroup;
			children = (
				E49EB8652A36F03F001F2D56 /* Controller */,
				E49EB8642A36F037001F2D56 /* Model */,
				E49EB8632A36F02B001F2D56 /* View */,
			);
			path = Chatting;
			sourceTree = "<group>";
		};
		E49EB8482A3049F2001F2D56 /* MyAccount */ = {
			isa = PBXGroup;
			children = (
				E4C951422A3967840094AD66 /* SubScene */,
				E49EB8692A36F087001F2D56 /* View */,
				E49EB8682A36F082001F2D56 /* Model */,
				DBAF83AE2A32E3E900194A02 /* Controller */,
			);
			path = MyAccount;
			sourceTree = "<group>";
		};
		E49EB8492A304A17001F2D56 /* TabBarControl */ = {
			isa = PBXGroup;
			children = (
				DBAF83892A32B7CA00194A02 /* NavigationUnderLineViewController.swift */,
				E49EB8332A2DB498001F2D56 /* SecondHandTabBarController.swift */,
				E49EB8352A2DC207001F2D56 /* TabBarItem.swift */,
			);
			path = TabBarControl;
			sourceTree = "<group>";
		};
		E49EB84A2A304A73001F2D56 /* Model */ = {
			isa = PBXGroup;
			children = (
			);
			path = Model;
			sourceTree = "<group>";
		};
		E49EB84B2A304A7B001F2D56 /* Controller */ = {
			isa = PBXGroup;
			children = (
				E49EB8372A2DCA45001F2D56 /* HomeViewController.swift */,
			);
			path = Controller;
			sourceTree = "<group>";
		};
		E49EB84C2A304A83001F2D56 /* View */ = {
			isa = PBXGroup;
			children = (
				E49EB8512A3068A8001F2D56 /* HomeLeftBarButton.swift */,
				E49EB8552A306E68001F2D56 /* ButtonCustomView.swift */,
				E49EB8532A30690F001F2D56 /* HomeRightBarButton.swift */,
				DBEA32802A4101B400C04E0A /* HomeProductCollectionViewCell.swift */,
			);
			path = View;
			sourceTree = "<group>";
		};
		E49EB8572A31C877001F2D56 /* Controller */ = {
			isa = PBXGroup;
			children = (
				E49EB8392A2DD353001F2D56 /* SaleLogViewController.swift */,
			);
			path = Controller;
			sourceTree = "<group>";
		};
		E49EB8582A31C882001F2D56 /* Model */ = {
			isa = PBXGroup;
			children = (
			);
			path = Model;
			sourceTree = "<group>";
		};
		E49EB8592A31C889001F2D56 /* View */ = {
			isa = PBXGroup;
			children = (
			);
			path = View;
			sourceTree = "<group>";
		};
		E49EB8632A36F02B001F2D56 /* View */ = {
			isa = PBXGroup;
			children = (
			);
			path = View;
			sourceTree = "<group>";
		};
		E49EB8642A36F037001F2D56 /* Model */ = {
			isa = PBXGroup;
			children = (
			);
			path = Model;
			sourceTree = "<group>";
		};
		E49EB8652A36F03F001F2D56 /* Controller */ = {
			isa = PBXGroup;
			children = (
				E49EB8662A36F054001F2D56 /* ChattingViewController.swift */,
			);
			path = Controller;
			sourceTree = "<group>";
		};
		E49EB8682A36F082001F2D56 /* Model */ = {
			isa = PBXGroup;
			children = (
			);
			path = Model;
			sourceTree = "<group>";
		};
		E49EB8692A36F087001F2D56 /* View */ = {
			isa = PBXGroup;
			children = (
				DBAF83AF2A32E3E900194A02 /* IdStackView.swift */,
			);
			path = View;
			sourceTree = "<group>";
		};
		E4C951422A3967840094AD66 /* SubScene */ = {
			isa = PBXGroup;
			children = (
				DB55CB242A44485300578ED5 /* GithubWeb */,
				DB55CB202A44481E00578ED5 /* Join */,
				E4C951432A3967A80094AD66 /* Controller */,
			);
			path = SubScene;
			sourceTree = "<group>";
		};
		E4C951432A3967A80094AD66 /* Controller */ = {
			isa = PBXGroup;
			children = (
			);
			path = Controller;
			sourceTree = "<group>";
		};
		E4C951462A3AB4A90094AD66 /* Network */ = {
			isa = PBXGroup;
			children = (
				E4C951472A3AB4E80094AD66 /* NetworkManager.swift */,
				E4C9514B2A3AFBDC0094AD66 /* HTTPMethod.swift */,
				E4C9514D2A3AFC0D0094AD66 /* HTTPErrors.swift */,
				E4C9514F2A3AFF9B0094AD66 /* CodableTemplate.swift */,
				E4BD90732A3DF44F00ADCE89 /* JSONCreater.swift */,
				E467380C2A440D0E006A46D1 /* UserInfoManager.swift */,
				E467380E2A453FBF006A46D1 /* Server.swift */,
				E46738102A482DF1006A46D1 /* Updatable.swift */,
			);
			path = Network;
			sourceTree = "<group>";
		};
/* End PBXGroup section */

/* Begin PBXNativeTarget section */
		DBB04D262A2DA5BF001233CC /* second-hand */ = {
			isa = PBXNativeTarget;
			buildConfigurationList = DBB04D3B2A2DA5C0001233CC /* Build configuration list for PBXNativeTarget "second-hand" */;
			buildPhases = (
				15229BD50B7D0F3C578F266F /* [CP] Check Pods Manifest.lock */,
				DBB04D232A2DA5BF001233CC /* Sources */,
				DBB04D242A2DA5BF001233CC /* Frameworks */,
				DBB04D252A2DA5BF001233CC /* Resources */,
			);
			buildRules = (
			);
			dependencies = (
			);
			name = "second-hand";
			productName = "second-hand";
			productReference = DBB04D272A2DA5BF001233CC /* second-hand.app */;
			productType = "com.apple.product-type.application";
		};
/* End PBXNativeTarget section */

/* Begin PBXProject section */
		DBB04D1F2A2DA5BF001233CC /* Project object */ = {
			isa = PBXProject;
			attributes = {
				BuildIndependentTargetsInParallel = 1;
				LastSwiftUpdateCheck = 1420;
				LastUpgradeCheck = 1420;
				TargetAttributes = {
					DBB04D262A2DA5BF001233CC = {
						CreatedOnToolsVersion = 14.2;
					};
				};
			};
			buildConfigurationList = DBB04D222A2DA5BF001233CC /* Build configuration list for PBXProject "second-hand" */;
			compatibilityVersion = "Xcode 14.0";
			developmentRegion = en;
			hasScannedForEncodings = 0;
			knownRegions = (
				en,
				Base,
			);
			mainGroup = DBB04D1E2A2DA5BF001233CC;
			productRefGroup = DBB04D282A2DA5BF001233CC /* Products */;
			projectDirPath = "";
			projectRoot = "";
			targets = (
				DBB04D262A2DA5BF001233CC /* second-hand */,
			);
		};
/* End PBXProject section */

/* Begin PBXResourcesBuildPhase section */
		DBB04D252A2DA5BF001233CC /* Resources */ = {
			isa = PBXResourcesBuildPhase;
			buildActionMask = 2147483647;
			files = (
				DBB04D372A2DA5C0001233CC /* LaunchScreen.storyboard in Resources */,
				DBB04D342A2DA5C0001233CC /* Assets.xcassets in Resources */,
			);
			runOnlyForDeploymentPostprocessing = 0;
		};
/* End PBXResourcesBuildPhase section */

/* Begin PBXShellScriptBuildPhase section */
		15229BD50B7D0F3C578F266F /* [CP] Check Pods Manifest.lock */ = {
			isa = PBXShellScriptBuildPhase;
			buildActionMask = 2147483647;
			files = (
			);
			inputFileListPaths = (
			);
			inputPaths = (
				"${PODS_PODFILE_DIR_PATH}/Podfile.lock",
				"${PODS_ROOT}/Manifest.lock",
			);
			name = "[CP] Check Pods Manifest.lock";
			outputFileListPaths = (
			);
			outputPaths = (
				"$(DERIVED_FILE_DIR)/Pods-second-hand-checkManifestLockResult.txt",
			);
			runOnlyForDeploymentPostprocessing = 0;
			shellPath = /bin/sh;
			shellScript = "diff \"${PODS_PODFILE_DIR_PATH}/Podfile.lock\" \"${PODS_ROOT}/Manifest.lock\" > /dev/null\nif [ $? != 0 ] ; then\n    # print error to STDERR\n    echo \"error: The sandbox is not in sync with the Podfile.lock. Run 'pod install' or update your CocoaPods installation.\" >&2\n    exit 1\nfi\n# This output is used by Xcode 'outputs' to avoid re-running this script phase.\necho \"SUCCESS\" > \"${SCRIPT_OUTPUT_FILE_0}\"\n";
			showEnvVarsInLog = 0;
		};
/* End PBXShellScriptBuildPhase section */

/* Begin PBXSourcesBuildPhase section */
		DBB04D232A2DA5BF001233CC /* Sources */ = {
			isa = PBXSourcesBuildPhase;
			buildActionMask = 2147483647;
			files = (
				DB55CB0B2A43E59700578ED5 /* UIButton+Extension.swift in Sources */,
				DB55CB0F2A44077D00578ED5 /* ImageRequest.swift in Sources */,
				E4C951482A3AB4E80094AD66 /* NetworkManager.swift in Sources */,
				E4C951452A3967D30094AD66 /* JoinViewController.swift in Sources */,
				DBAF83A62A32E38B00194A02 /* UIColor+Extension.swift in Sources */,
				DBE3C03D2A30791F00E6EF35 /* CategoryScrollView.swift in Sources */,
				E49EB83A2A2DD353001F2D56 /* SaleLogViewController.swift in Sources */,
				E49EB8672A36F054001F2D56 /* ChattingViewController.swift in Sources */,
				E4C9514E2A3AFC0D0094AD66 /* HTTPErrors.swift in Sources */,
				E467380D2A440D0E006A46D1 /* UserInfoManager.swift in Sources */,
				E4BD90742A3DF44F00ADCE89 /* JSONCreater.swift in Sources */,
				E49EB8382A2DCA45001F2D56 /* HomeViewController.swift in Sources */,
				E46738112A482DF1006A46D1 /* Updatable.swift in Sources */,
				E467380F2A453FBF006A46D1 /* Server.swift in Sources */,
				DB51315F2A3EB18800FBFA49 /* SetLocationViewController.swift in Sources */,
				DB55CB112A4407CB00578ED5 /* ProductPicture.swift in Sources */,
				E49EB8562A306E68001F2D56 /* ButtonCustomView.swift in Sources */,
				E4C9514C2A3AFBDC0094AD66 /* HTTPMethod.swift in Sources */,
				DB1636C82A42E65B009884E4 /* RegisterNewProductViewController.swift in Sources */,
				E49EB8342A2DB498001F2D56 /* SecondHandTabBarController.swift in Sources */,
				E49EB86B2A371A0B001F2D56 /* LoginMyAccountViewController.swift in Sources */,
				DBB04D2B2A2DA5BF001233CC /* AppDelegate.swift in Sources */,
				E49EB8522A3068A8001F2D56 /* HomeLeftBarButton.swift in Sources */,
				E49EB8542A30690F001F2D56 /* HomeRightBarButton.swift in Sources */,
				DB55CB092A43E58800578ED5 /* UIView+Extension.swift in Sources */,
				E49EB83C2A2DD3AF001F2D56 /* WishListViewController.swift in Sources */,
				DB55CB292A4499D200578ED5 /* ProductImage.swift in Sources */,
				DBAF838A2A32B7CA00194A02 /* NavigationUnderLineViewController.swift in Sources */,
				E49EB8362A2DC207001F2D56 /* TabBarItem.swift in Sources */,
				DBB04D2D2A2DA5BF001233CC /* SceneDelegate.swift in Sources */,
				DB55CB152A443E5B00578ED5 /* RegisterProductScrollVeiw.swift in Sources */,
				DBAF83B12A32E3E900194A02 /* IdStackView.swift in Sources */,
				DB7E5EEC2A31682D00ECCBC2 /* CategoryButton.swift in Sources */,
				DB55CB0D2A43E63200578ED5 /* UIImageView+Extension.swift in Sources */,
				DBAF83A52A32E38B00194A02 /* UIFont+Extension.swift in Sources */,
				DB55CB132A44186E00578ED5 /* UITextField+Extension.swift in Sources */,
				DBEA32812A4101B400C04E0A /* HomeProductCollectionViewCell.swift in Sources */,
				E4C951502A3AFF9B0094AD66 /* CodableTemplate.swift in Sources */,
				DBDF80042A39BC6E007B3E01 /* GithubWebViewController.swift in Sources */,
				DBAF83B22A32E3E900194A02 /* NotLoginMyAccountViewController.swift in Sources */,
			);
			runOnlyForDeploymentPostprocessing = 0;
		};
/* End PBXSourcesBuildPhase section */

/* Begin PBXVariantGroup section */
		DBB04D352A2DA5C0001233CC /* LaunchScreen.storyboard */ = {
			isa = PBXVariantGroup;
			children = (
				DBB04D362A2DA5C0001233CC /* Base */,
			);
			name = LaunchScreen.storyboard;
			sourceTree = "<group>";
		};
/* End PBXVariantGroup section */

/* Begin XCBuildConfiguration section */
		DBB04D392A2DA5C0001233CC /* Debug */ = {
			isa = XCBuildConfiguration;
			buildSettings = {
				ALWAYS_SEARCH_USER_PATHS = NO;
				CLANG_ANALYZER_NONNULL = YES;
				CLANG_ANALYZER_NUMBER_OBJECT_CONVERSION = YES_AGGRESSIVE;
				CLANG_CXX_LANGUAGE_STANDARD = "gnu++20";
				CLANG_ENABLE_MODULES = YES;
				CLANG_ENABLE_OBJC_ARC = YES;
				CLANG_ENABLE_OBJC_WEAK = YES;
				CLANG_WARN_BLOCK_CAPTURE_AUTORELEASING = YES;
				CLANG_WARN_BOOL_CONVERSION = YES;
				CLANG_WARN_COMMA = YES;
				CLANG_WARN_CONSTANT_CONVERSION = YES;
				CLANG_WARN_DEPRECATED_OBJC_IMPLEMENTATIONS = YES;
				CLANG_WARN_DIRECT_OBJC_ISA_USAGE = YES_ERROR;
				CLANG_WARN_DOCUMENTATION_COMMENTS = YES;
				CLANG_WARN_EMPTY_BODY = YES;
				CLANG_WARN_ENUM_CONVERSION = YES;
				CLANG_WARN_INFINITE_RECURSION = YES;
				CLANG_WARN_INT_CONVERSION = YES;
				CLANG_WARN_NON_LITERAL_NULL_CONVERSION = YES;
				CLANG_WARN_OBJC_IMPLICIT_RETAIN_SELF = YES;
				CLANG_WARN_OBJC_LITERAL_CONVERSION = YES;
				CLANG_WARN_OBJC_ROOT_CLASS = YES_ERROR;
				CLANG_WARN_QUOTED_INCLUDE_IN_FRAMEWORK_HEADER = YES;
				CLANG_WARN_RANGE_LOOP_ANALYSIS = YES;
				CLANG_WARN_STRICT_PROTOTYPES = YES;
				CLANG_WARN_SUSPICIOUS_MOVE = YES;
				CLANG_WARN_UNGUARDED_AVAILABILITY = YES_AGGRESSIVE;
				CLANG_WARN_UNREACHABLE_CODE = YES;
				CLANG_WARN__DUPLICATE_METHOD_MATCH = YES;
				COPY_PHASE_STRIP = NO;
				DEBUG_INFORMATION_FORMAT = dwarf;
				ENABLE_STRICT_OBJC_MSGSEND = YES;
				ENABLE_TESTABILITY = YES;
				GCC_C_LANGUAGE_STANDARD = gnu11;
				GCC_DYNAMIC_NO_PIC = NO;
				GCC_NO_COMMON_BLOCKS = YES;
				GCC_OPTIMIZATION_LEVEL = 0;
				GCC_PREPROCESSOR_DEFINITIONS = (
					"DEBUG=1",
					"$(inherited)",
				);
				GCC_WARN_64_TO_32_BIT_CONVERSION = YES;
				GCC_WARN_ABOUT_RETURN_TYPE = YES_ERROR;
				GCC_WARN_UNDECLARED_SELECTOR = YES;
				GCC_WARN_UNINITIALIZED_AUTOS = YES_AGGRESSIVE;
				GCC_WARN_UNUSED_FUNCTION = YES;
				GCC_WARN_UNUSED_VARIABLE = YES;
				IPHONEOS_DEPLOYMENT_TARGET = 16.2;
				MTL_ENABLE_DEBUG_INFO = INCLUDE_SOURCE;
				MTL_FAST_MATH = YES;
				ONLY_ACTIVE_ARCH = YES;
				SDKROOT = iphoneos;
				SWIFT_ACTIVE_COMPILATION_CONDITIONS = DEBUG;
				SWIFT_OPTIMIZATION_LEVEL = "-Onone";
			};
			name = Debug;
		};
		DBB04D3A2A2DA5C0001233CC /* Release */ = {
			isa = XCBuildConfiguration;
			buildSettings = {
				ALWAYS_SEARCH_USER_PATHS = NO;
				CLANG_ANALYZER_NONNULL = YES;
				CLANG_ANALYZER_NUMBER_OBJECT_CONVERSION = YES_AGGRESSIVE;
				CLANG_CXX_LANGUAGE_STANDARD = "gnu++20";
				CLANG_ENABLE_MODULES = YES;
				CLANG_ENABLE_OBJC_ARC = YES;
				CLANG_ENABLE_OBJC_WEAK = YES;
				CLANG_WARN_BLOCK_CAPTURE_AUTORELEASING = YES;
				CLANG_WARN_BOOL_CONVERSION = YES;
				CLANG_WARN_COMMA = YES;
				CLANG_WARN_CONSTANT_CONVERSION = YES;
				CLANG_WARN_DEPRECATED_OBJC_IMPLEMENTATIONS = YES;
				CLANG_WARN_DIRECT_OBJC_ISA_USAGE = YES_ERROR;
				CLANG_WARN_DOCUMENTATION_COMMENTS = YES;
				CLANG_WARN_EMPTY_BODY = YES;
				CLANG_WARN_ENUM_CONVERSION = YES;
				CLANG_WARN_INFINITE_RECURSION = YES;
				CLANG_WARN_INT_CONVERSION = YES;
				CLANG_WARN_NON_LITERAL_NULL_CONVERSION = YES;
				CLANG_WARN_OBJC_IMPLICIT_RETAIN_SELF = YES;
				CLANG_WARN_OBJC_LITERAL_CONVERSION = YES;
				CLANG_WARN_OBJC_ROOT_CLASS = YES_ERROR;
				CLANG_WARN_QUOTED_INCLUDE_IN_FRAMEWORK_HEADER = YES;
				CLANG_WARN_RANGE_LOOP_ANALYSIS = YES;
				CLANG_WARN_STRICT_PROTOTYPES = YES;
				CLANG_WARN_SUSPICIOUS_MOVE = YES;
				CLANG_WARN_UNGUARDED_AVAILABILITY = YES_AGGRESSIVE;
				CLANG_WARN_UNREACHABLE_CODE = YES;
				CLANG_WARN__DUPLICATE_METHOD_MATCH = YES;
				COPY_PHASE_STRIP = NO;
				DEBUG_INFORMATION_FORMAT = "dwarf-with-dsym";
				ENABLE_NS_ASSERTIONS = NO;
				ENABLE_STRICT_OBJC_MSGSEND = YES;
				GCC_C_LANGUAGE_STANDARD = gnu11;
				GCC_NO_COMMON_BLOCKS = YES;
				GCC_WARN_64_TO_32_BIT_CONVERSION = YES;
				GCC_WARN_ABOUT_RETURN_TYPE = YES_ERROR;
				GCC_WARN_UNDECLARED_SELECTOR = YES;
				GCC_WARN_UNINITIALIZED_AUTOS = YES_AGGRESSIVE;
				GCC_WARN_UNUSED_FUNCTION = YES;
				GCC_WARN_UNUSED_VARIABLE = YES;
				IPHONEOS_DEPLOYMENT_TARGET = 16.2;
				MTL_ENABLE_DEBUG_INFO = NO;
				MTL_FAST_MATH = YES;
				SDKROOT = iphoneos;
				SWIFT_COMPILATION_MODE = wholemodule;
				SWIFT_OPTIMIZATION_LEVEL = "-O";
				VALIDATE_PRODUCT = YES;
			};
			name = Release;
		};
		DBB04D3C2A2DA5C0001233CC /* Debug */ = {
			isa = XCBuildConfiguration;
			baseConfigurationReference = F3184226B15155556BE36237 /* Pods-second-hand.debug.xcconfig */;
			buildSettings = {
				ASSETCATALOG_COMPILER_APPICON_NAME = AppIcon;
				ASSETCATALOG_COMPILER_GLOBAL_ACCENT_COLOR_NAME = AccentColor;
				CODE_SIGN_STYLE = Automatic;
				CURRENT_PROJECT_VERSION = 1;
				DEVELOPMENT_TEAM = B3PWYBKFUK;
				GENERATE_INFOPLIST_FILE = YES;
				INFOPLIST_FILE = "second-hand/Info.plist";
				INFOPLIST_KEY_UIApplicationSupportsIndirectInputEvents = YES;
				INFOPLIST_KEY_UILaunchStoryboardName = LaunchScreen;
				INFOPLIST_KEY_UISupportedInterfaceOrientations_iPad = "UIInterfaceOrientationPortrait UIInterfaceOrientationPortraitUpsideDown UIInterfaceOrientationLandscapeLeft UIInterfaceOrientationLandscapeRight";
				INFOPLIST_KEY_UISupportedInterfaceOrientations_iPhone = "UIInterfaceOrientationPortrait UIInterfaceOrientationLandscapeLeft UIInterfaceOrientationLandscapeRight";
				LD_RUNPATH_SEARCH_PATHS = (
					"$(inherited)",
					"@executable_path/Frameworks",
				);
				MARKETING_VERSION = 1.0;
				PRODUCT_BUNDLE_IDENTIFIER = "com.hwajin.second-hand";
				PRODUCT_NAME = "$(TARGET_NAME)";
				SWIFT_EMIT_LOC_STRINGS = YES;
				SWIFT_VERSION = 5.0;
				TARGETED_DEVICE_FAMILY = "1,2";
			};
			name = Debug;
		};
		DBB04D3D2A2DA5C0001233CC /* Release */ = {
			isa = XCBuildConfiguration;
			baseConfigurationReference = 3607CF790A1450A1D89902D2 /* Pods-second-hand.release.xcconfig */;
			buildSettings = {
				ASSETCATALOG_COMPILER_APPICON_NAME = AppIcon;
				ASSETCATALOG_COMPILER_GLOBAL_ACCENT_COLOR_NAME = AccentColor;
				CODE_SIGN_STYLE = Automatic;
				CURRENT_PROJECT_VERSION = 1;
				DEVELOPMENT_TEAM = B3PWYBKFUK;
				GENERATE_INFOPLIST_FILE = YES;
				INFOPLIST_FILE = "second-hand/Info.plist";
				INFOPLIST_KEY_UIApplicationSupportsIndirectInputEvents = YES;
				INFOPLIST_KEY_UILaunchStoryboardName = LaunchScreen;
				INFOPLIST_KEY_UISupportedInterfaceOrientations_iPad = "UIInterfaceOrientationPortrait UIInterfaceOrientationPortraitUpsideDown UIInterfaceOrientationLandscapeLeft UIInterfaceOrientationLandscapeRight";
				INFOPLIST_KEY_UISupportedInterfaceOrientations_iPhone = "UIInterfaceOrientationPortrait UIInterfaceOrientationLandscapeLeft UIInterfaceOrientationLandscapeRight";
				LD_RUNPATH_SEARCH_PATHS = (
					"$(inherited)",
					"@executable_path/Frameworks",
				);
				MARKETING_VERSION = 1.0;
				PRODUCT_BUNDLE_IDENTIFIER = "com.hwajin.second-hand";
				PRODUCT_NAME = "$(TARGET_NAME)";
				SWIFT_EMIT_LOC_STRINGS = YES;
				SWIFT_VERSION = 5.0;
				TARGETED_DEVICE_FAMILY = "1,2";
			};
			name = Release;
		};
/* End XCBuildConfiguration section */

/* Begin XCConfigurationList section */
		DBB04D222A2DA5BF001233CC /* Build configuration list for PBXProject "second-hand" */ = {
			isa = XCConfigurationList;
			buildConfigurations = (
				DBB04D392A2DA5C0001233CC /* Debug */,
				DBB04D3A2A2DA5C0001233CC /* Release */,
			);
			defaultConfigurationIsVisible = 0;
			defaultConfigurationName = Release;
		};
		DBB04D3B2A2DA5C0001233CC /* Build configuration list for PBXNativeTarget "second-hand" */ = {
			isa = XCConfigurationList;
			buildConfigurations = (
				DBB04D3C2A2DA5C0001233CC /* Debug */,
				DBB04D3D2A2DA5C0001233CC /* Release */,
			);
			defaultConfigurationIsVisible = 0;
			defaultConfigurationName = Release;
		};
/* End XCConfigurationList section */
	};
	rootObject = DBB04D1F2A2DA5BF001233CC /* Project object */;
}
